// !$*UTF8*$!
{
	archiveVersion = 1;
	classes = {
	};
	objectVersion = 77;
	objects = {

/* Begin PBXBuildFile section */
		C6CFC6752D492DEB002AA20B /* GameKit.framework in Frameworks */ = {isa = PBXBuildFile; fileRef = C6CFC6742D492DEB002AA20B /* GameKit.framework */; };
/* End PBXBuildFile section */

/* Begin PBXContainerItemProxy section */
		C6957BE62D392C15007AF6A1 /* PBXContainerItemProxy */ = {
			isa = PBXContainerItemProxy;
			containerPortal = C6957BC92D392C11007AF6A1 /* Project object */;
			proxyType = 1;
			remoteGlobalIDString = C6957BD02D392C11007AF6A1;
			remoteInfo = SumOrDoneGame;
		};
		C6957BF02D392C15007AF6A1 /* PBXContainerItemProxy */ = {
			isa = PBXContainerItemProxy;
			containerPortal = C6957BC92D392C11007AF6A1 /* Project object */;
			proxyType = 1;
			remoteGlobalIDString = C6957BD02D392C11007AF6A1;
			remoteInfo = SumOrDoneGame;
		};
/* End PBXContainerItemProxy section */

/* Begin PBXFileReference section */
		C6957BD12D392C11007AF6A1 /* SumOrDoneGame.app */ = {isa = PBXFileReference; explicitFileType = wrapper.application; includeInIndex = 0; path = SumOrDoneGame.app; sourceTree = BUILT_PRODUCTS_DIR; };
		C6957BE52D392C15007AF6A1 /* SumOrDoneGameTests.xctest */ = {isa = PBXFileReference; explicitFileType = wrapper.cfbundle; includeInIndex = 0; path = SumOrDoneGameTests.xctest; sourceTree = BUILT_PRODUCTS_DIR; };
		C6957BEF2D392C15007AF6A1 /* SumOrDoneGameUITests.xctest */ = {isa = PBXFileReference; explicitFileType = wrapper.cfbundle; includeInIndex = 0; path = SumOrDoneGameUITests.xctest; sourceTree = BUILT_PRODUCTS_DIR; };
		C6CFC6742D492DEB002AA20B /* GameKit.framework */ = {isa = PBXFileReference; lastKnownFileType = wrapper.framework; name = GameKit.framework; path = Platforms/iPhoneOS.platform/Developer/SDKs/iPhoneOS18.2.sdk/System/Library/Frameworks/GameKit.framework; sourceTree = DEVELOPER_DIR; };
/* End PBXFileReference section */

/* Begin PBXFileSystemSynchronizedBuildFileExceptionSet section */
		C6957BF72D392C15007AF6A1 /* Exceptions for "SumOrDoneGame" folder in "SumOrDoneGame" target */ = {
			isa = PBXFileSystemSynchronizedBuildFileExceptionSet;
			membershipExceptions = (
				Info.plist,
			);
			target = C6957BD02D392C11007AF6A1 /* SumOrDoneGame */;
		};
		C6957C0B2D3A7FF5007AF6A1 /* Exceptions for "SumOrDoneGame" folder in "SumOrDoneGameTests" target */ = {
			isa = PBXFileSystemSynchronizedBuildFileExceptionSet;
			membershipExceptions = (
				router.js,
			);
			target = C6957BE42D392C15007AF6A1 /* SumOrDoneGameTests */;
		};
		C6957C0C2D3A7FF5007AF6A1 /* Exceptions for "SumOrDoneGame" folder in "SumOrDoneGameUITests" target */ = {
			isa = PBXFileSystemSynchronizedBuildFileExceptionSet;
			membershipExceptions = (
				router.js,
			);
			target = C6957BEE2D392C15007AF6A1 /* SumOrDoneGameUITests */;
		};
/* End PBXFileSystemSynchronizedBuildFileExceptionSet section */

/* Begin PBXFileSystemSynchronizedRootGroup section */
		C6957BD32D392C11007AF6A1 /* SumOrDoneGame */ = {
			isa = PBXFileSystemSynchronizedRootGroup;
			exceptions = (
				C6957BF72D392C15007AF6A1 /* Exceptions for "SumOrDoneGame" folder in "SumOrDoneGame" target */,
				C6957C0B2D3A7FF5007AF6A1 /* Exceptions for "SumOrDoneGame" folder in "SumOrDoneGameTests" target */,
				C6957C0C2D3A7FF5007AF6A1 /* Exceptions for "SumOrDoneGame" folder in "SumOrDoneGameUITests" target */,
			);
			path = SumOrDoneGame;
			sourceTree = "<group>";
		};
		C6957BE82D392C15007AF6A1 /* SumOrDoneGameTests */ = {
			isa = PBXFileSystemSynchronizedRootGroup;
			path = SumOrDoneGameTests;
			sourceTree = "<group>";
		};
		C6957BF22D392C15007AF6A1 /* SumOrDoneGameUITests */ = {
			isa = PBXFileSystemSynchronizedRootGroup;
			path = SumOrDoneGameUITests;
			sourceTree = "<group>";
		};
/* End PBXFileSystemSynchronizedRootGroup section */

/* Begin PBXFrameworksBuildPhase section */
		C6957BCE2D392C11007AF6A1 /* Frameworks */ = {
			isa = PBXFrameworksBuildPhase;
			buildActionMask = 2147483647;
			files = (
				C6CFC6752D492DEB002AA20B /* GameKit.framework in Frameworks */,
			);
			runOnlyForDeploymentPostprocessing = 0;
		};
		C6957BE22D392C15007AF6A1 /* Frameworks */ = {
			isa = PBXFrameworksBuildPhase;
			buildActionMask = 2147483647;
			files = (
			);
			runOnlyForDeploymentPostprocessing = 0;
		};
		C6957BEC2D392C15007AF6A1 /* Frameworks */ = {
			isa = PBXFrameworksBuildPhase;
			buildActionMask = 2147483647;
			files = (
			);
			runOnlyForDeploymentPostprocessing = 0;
		};
/* End PBXFrameworksBuildPhase section */

/* Begin PBXGroup section */
		C6957BC82D392C11007AF6A1 = {
			isa = PBXGroup;
			children = (
				C6957BD32D392C11007AF6A1 /* SumOrDoneGame */,
				C6957BE82D392C15007AF6A1 /* SumOrDoneGameTests */,
				C6957BF22D392C15007AF6A1 /* SumOrDoneGameUITests */,
				C6CFC6732D492DEA002AA20B /* Frameworks */,
				C6957BD22D392C11007AF6A1 /* Products */,
			);
			sourceTree = "<group>";
		};
		C6957BD22D392C11007AF6A1 /* Products */ = {
			isa = PBXGroup;
			children = (
				C6957BD12D392C11007AF6A1 /* SumOrDoneGame.app */,
				C6957BE52D392C15007AF6A1 /* SumOrDoneGameTests.xctest */,
				C6957BEF2D392C15007AF6A1 /* SumOrDoneGameUITests.xctest */,
			);
			name = Products;
			sourceTree = "<group>";
		};
		C6CFC6732D492DEA002AA20B /* Frameworks */ = {
			isa = PBXGroup;
			children = (
				C6CFC6742D492DEB002AA20B /* GameKit.framework */,
			);
			name = Frameworks;
			sourceTree = "<group>";
		};
/* End PBXGroup section */

/* Begin PBXNativeTarget section */
		C6957BD02D392C11007AF6A1 /* SumOrDoneGame */ = {
			isa = PBXNativeTarget;
			buildConfigurationList = C6957BF82D392C16007AF6A1 /* Build configuration list for PBXNativeTarget "SumOrDoneGame" */;
			buildPhases = (
				C6957BCD2D392C11007AF6A1 /* Sources */,
				C6957BCE2D392C11007AF6A1 /* Frameworks */,
				C6957BCF2D392C11007AF6A1 /* Resources */,
			);
			buildRules = (
			);
			dependencies = (
			);
			fileSystemSynchronizedGroups = (
				C6957BD32D392C11007AF6A1 /* SumOrDoneGame */,
			);
			name = SumOrDoneGame;
			packageProductDependencies = (
			);
			productName = SumOrDoneGame;
			productReference = C6957BD12D392C11007AF6A1 /* SumOrDoneGame.app */;
			productType = "com.apple.product-type.application";
		};
		C6957BE42D392C15007AF6A1 /* SumOrDoneGameTests */ = {
			isa = PBXNativeTarget;
			buildConfigurationList = C6957BFD2D392C16007AF6A1 /* Build configuration list for PBXNativeTarget "SumOrDoneGameTests" */;
			buildPhases = (
				C6957BE12D392C15007AF6A1 /* Sources */,
				C6957BE22D392C15007AF6A1 /* Frameworks */,
				C6957BE32D392C15007AF6A1 /* Resources */,
			);
			buildRules = (
			);
			dependencies = (
				C6957BE72D392C15007AF6A1 /* PBXTargetDependency */,
			);
			fileSystemSynchronizedGroups = (
				C6957BE82D392C15007AF6A1 /* SumOrDoneGameTests */,
			);
			name = SumOrDoneGameTests;
			packageProductDependencies = (
			);
			productName = SumOrDoneGameTests;
			productReference = C6957BE52D392C15007AF6A1 /* SumOrDoneGameTests.xctest */;
			productType = "com.apple.product-type.bundle.unit-test";
		};
		C6957BEE2D392C15007AF6A1 /* SumOrDoneGameUITests */ = {
			isa = PBXNativeTarget;
			buildConfigurationList = C6957C002D392C16007AF6A1 /* Build configuration list for PBXNativeTarget "SumOrDoneGameUITests" */;
			buildPhases = (
				C6957BEB2D392C15007AF6A1 /* Sources */,
				C6957BEC2D392C15007AF6A1 /* Frameworks */,
				C6957BED2D392C15007AF6A1 /* Resources */,
			);
			buildRules = (
			);
			dependencies = (
				C6957BF12D392C15007AF6A1 /* PBXTargetDependency */,
			);
			fileSystemSynchronizedGroups = (
				C6957BF22D392C15007AF6A1 /* SumOrDoneGameUITests */,
			);
			name = SumOrDoneGameUITests;
			packageProductDependencies = (
			);
			productName = SumOrDoneGameUITests;
			productReference = C6957BEF2D392C15007AF6A1 /* SumOrDoneGameUITests.xctest */;
			productType = "com.apple.product-type.bundle.ui-testing";
		};
/* End PBXNativeTarget section */

/* Begin PBXProject section */
		C6957BC92D392C11007AF6A1 /* Project object */ = {
			isa = PBXProject;
			attributes = {
				BuildIndependentTargetsInParallel = 1;
				LastSwiftUpdateCheck = 1620;
				LastUpgradeCheck = 1620;
				TargetAttributes = {
					C6957BD02D392C11007AF6A1 = {
						CreatedOnToolsVersion = 16.2;
					};
					C6957BE42D392C15007AF6A1 = {
						CreatedOnToolsVersion = 16.2;
						TestTargetID = C6957BD02D392C11007AF6A1;
					};
					C6957BEE2D392C15007AF6A1 = {
						CreatedOnToolsVersion = 16.2;
						TestTargetID = C6957BD02D392C11007AF6A1;
					};
				};
			};
			buildConfigurationList = C6957BCC2D392C11007AF6A1 /* Build configuration list for PBXProject "SumOrDoneGame" */;
			developmentRegion = ko;
			hasScannedForEncodings = 0;
			knownRegions = (
				en,
				Base,
				ko,
			);
			mainGroup = C6957BC82D392C11007AF6A1;
			minimizedProjectReferenceProxies = 1;
			preferredProjectObjectVersion = 77;
			productRefGroup = C6957BD22D392C11007AF6A1 /* Products */;
			projectDirPath = "";
			projectRoot = "";
			targets = (
				C6957BD02D392C11007AF6A1 /* SumOrDoneGame */,
				C6957BE42D392C15007AF6A1 /* SumOrDoneGameTests */,
				C6957BEE2D392C15007AF6A1 /* SumOrDoneGameUITests */,
			);
		};
/* End PBXProject section */

/* Begin PBXResourcesBuildPhase section */
		C6957BCF2D392C11007AF6A1 /* Resources */ = {
			isa = PBXResourcesBuildPhase;
			buildActionMask = 2147483647;
			files = (
			);
			runOnlyForDeploymentPostprocessing = 0;
		};
		C6957BE32D392C15007AF6A1 /* Resources */ = {
			isa = PBXResourcesBuildPhase;
			buildActionMask = 2147483647;
			files = (
			);
			runOnlyForDeploymentPostprocessing = 0;
		};
		C6957BED2D392C15007AF6A1 /* Resources */ = {
			isa = PBXResourcesBuildPhase;
			buildActionMask = 2147483647;
			files = (
			);
			runOnlyForDeploymentPostprocessing = 0;
		};
/* End PBXResourcesBuildPhase section */

/* Begin PBXSourcesBuildPhase section */
		C6957BCD2D392C11007AF6A1 /* Sources */ = {
			isa = PBXSourcesBuildPhase;
			buildActionMask = 2147483647;
			files = (
			);
			runOnlyForDeploymentPostprocessing = 0;
		};
		C6957BE12D392C15007AF6A1 /* Sources */ = {
			isa = PBXSourcesBuildPhase;
			buildActionMask = 2147483647;
			files = (
			);
			runOnlyForDeploymentPostprocessing = 0;
		};
		C6957BEB2D392C15007AF6A1 /* Sources */ = {
			isa = PBXSourcesBuildPhase;
			buildActionMask = 2147483647;
			files = (
			);
			runOnlyForDeploymentPostprocessing = 0;
		};
/* End PBXSourcesBuildPhase section */

/* Begin PBXTargetDependency section */
		C6957BE72D392C15007AF6A1 /* PBXTargetDependency */ = {
			isa = PBXTargetDependency;
			target = C6957BD02D392C11007AF6A1 /* SumOrDoneGame */;
			targetProxy = C6957BE62D392C15007AF6A1 /* PBXContainerItemProxy */;
		};
		C6957BF12D392C15007AF6A1 /* PBXTargetDependency */ = {
			isa = PBXTargetDependency;
			target = C6957BD02D392C11007AF6A1 /* SumOrDoneGame */;
			targetProxy = C6957BF02D392C15007AF6A1 /* PBXContainerItemProxy */;
		};
/* End PBXTargetDependency section */

/* Begin XCBuildConfiguration section */
		C6957BF92D392C16007AF6A1 /* Debug */ = {
			isa = XCBuildConfiguration;
			buildSettings = {
				ASSETCATALOG_COMPILER_APPICON_NAME = AppIcon;
				ASSETCATALOG_COMPILER_GLOBAL_ACCENT_COLOR_NAME = AccentColor;
				CODE_SIGN_ENTITLEMENTS = SumOrDoneGame/SumOrDoneGame.entitlements;
				CODE_SIGN_STYLE = Automatic;
				CURRENT_PROJECT_VERSION = 1;
				DEVELOPMENT_ASSET_PATHS = "\"SumOrDoneGame/Preview Content\"";
				DEVELOPMENT_TEAM = 93Q4N4697N;
				ENABLE_HARDENED_RUNTIME = YES;
				ENABLE_PREVIEWS = YES;
				GENERATE_INFOPLIST_FILE = YES;
				INFOPLIST_FILE = SumOrDoneGame/Info.plist;
				"INFOPLIST_KEY_UIApplicationSceneManifest_Generation[sdk=iphoneos*]" = YES;
				"INFOPLIST_KEY_UIApplicationSceneManifest_Generation[sdk=iphonesimulator*]" = YES;
				"INFOPLIST_KEY_UIApplicationSupportsIndirectInputEvents[sdk=iphoneos*]" = YES;
				"INFOPLIST_KEY_UIApplicationSupportsIndirectInputEvents[sdk=iphonesimulator*]" = YES;
				"INFOPLIST_KEY_UILaunchScreen_Generation[sdk=iphoneos*]" = YES;
				"INFOPLIST_KEY_UILaunchScreen_Generation[sdk=iphonesimulator*]" = YES;
				INFOPLIST_KEY_UILaunchStoryboardName = LaunchScreen;
				"INFOPLIST_KEY_UIStatusBarStyle[sdk=iphoneos*]" = UIStatusBarStyleDefault;
				"INFOPLIST_KEY_UIStatusBarStyle[sdk=iphonesimulator*]" = UIStatusBarStyleDefault;
				INFOPLIST_KEY_UISupportedInterfaceOrientations_iPad = "UIInterfaceOrientationPortrait UIInterfaceOrientationPortraitUpsideDown UIInterfaceOrientationLandscapeLeft UIInterfaceOrientationLandscapeRight";
				INFOPLIST_KEY_UISupportedInterfaceOrientations_iPhone = "UIInterfaceOrientationPortrait UIInterfaceOrientationLandscapeLeft UIInterfaceOrientationLandscapeRight";
				IPHONEOS_DEPLOYMENT_TARGET = 18.2;
				LD_RUNPATH_SEARCH_PATHS = "@executable_path/Frameworks";
				"LD_RUNPATH_SEARCH_PATHS[sdk=macosx*]" = "@executable_path/../Frameworks";
				MACOSX_DEPLOYMENT_TARGET = 14.0;
				MARKETING_VERSION = 1.0;
				PRODUCT_BUNDLE_IDENTIFIER = com.dadanddot.SumOrDoneGame;
				PRODUCT_NAME = "$(TARGET_NAME)";
				SDKROOT = auto;
				SUPPORTED_PLATFORMS = "iphoneos iphonesimulator macosx xros xrsimulator";
				SWIFT_EMIT_LOC_STRINGS = YES;
				SWIFT_VERSION = 5.0;
				TARGETED_DEVICE_FAMILY = "1,2,7";
				XROS_DEPLOYMENT_TARGET = 2.2;
			};
			name = Debug;
		};
		C6957BFA2D392C16007AF6A1 /* Release */ = {
			isa = XCBuildConfiguration;
			buildSettings = {
				ASSETCATALOG_COMPILER_APPICON_NAME = AppIcon;
				ASSETCATALOG_COMPILER_GLOBAL_ACCENT_COLOR_NAME = AccentColor;
				CODE_SIGN_ENTITLEMENTS = SumOrDoneGame/SumOrDoneGame.entitlements;
				CODE_SIGN_STYLE = Automatic;
				CURRENT_PROJECT_VERSION = 1;
				DEVELOPMENT_ASSET_PATHS = "\"SumOrDoneGame/Preview Content\"";
				DEVELOPMENT_TEAM = 93Q4N4697N;
				ENABLE_HARDENED_RUNTIME = YES;
				ENABLE_PREVIEWS = YES;
				GENERATE_INFOPLIST_FILE = YES;
				INFOPLIST_FILE = SumOrDoneGame/Info.plist;
				"INFOPLIST_KEY_UIApplicationSceneManifest_Generation[sdk=iphoneos*]" = YES;
				"INFOPLIST_KEY_UIApplicationSceneManifest_Generation[sdk=iphonesimulator*]" = YES;
				"INFOPLIST_KEY_UIApplicationSupportsIndirectInputEvents[sdk=iphoneos*]" = YES;
				"INFOPLIST_KEY_UIApplicationSupportsIndirectInputEvents[sdk=iphonesimulator*]" = YES;
				"INFOPLIST_KEY_UILaunchScreen_Generation[sdk=iphoneos*]" = YES;
				"INFOPLIST_KEY_UILaunchScreen_Generation[sdk=iphonesimulator*]" = YES;
				INFOPLIST_KEY_UILaunchStoryboardName = LaunchScreen;
				"INFOPLIST_KEY_UIStatusBarStyle[sdk=iphoneos*]" = UIStatusBarStyleDefault;
				"INFOPLIST_KEY_UIStatusBarStyle[sdk=iphonesimulator*]" = UIStatusBarStyleDefault;
				INFOPLIST_KEY_UISupportedInterfaceOrientations_iPad = "UIInterfaceOrientationPortrait UIInterfaceOrientationPortraitUpsideDown UIInterfaceOrientationLandscapeLeft UIInterfaceOrientationLandscapeRight";
				INFOPLIST_KEY_UISupportedInterfaceOrientations_iPhone = "UIInterfaceOrientationPortrait UIInterfaceOrientationLandscapeLeft UIInterfaceOrientationLandscapeRight";
				IPHONEOS_DEPLOYMENT_TARGET = 18.2;
				LD_RUNPATH_SEARCH_PATHS = "@executable_path/Frameworks";
				"LD_RUNPATH_SEARCH_PATHS[sdk=macosx*]" = "@executable_path/../Frameworks";
				MACOSX_DEPLOYMENT_TARGET = 14.0;
				MARKETING_VERSION = 1.0;
				PRODUCT_BUNDLE_IDENTIFIER = com.dadanddot.SumOrDoneGame;
				PRODUCT_NAME = "$(TARGET_NAME)";
				SDKROOT = auto;
				SUPPORTED_PLATFORMS = "iphoneos iphonesimulator macosx xros xrsimulator";
				SWIFT_EMIT_LOC_STRINGS = YES;
				SWIFT_VERSION = 5.0;
				TARGETED_DEVICE_FAMILY = "1,2,7";
				XROS_DEPLOYMENT_TARGET = 2.2;
			};
			name = Release;
		};
		C6957BFB2D392C16007AF6A1 /* Debug */ = {
			isa = XCBuildConfiguration;
			buildSettings = {
				ALWAYS_SEARCH_USER_PATHS = NO;
				ASSETCATALOG_COMPILER_GENERATE_SWIFT_ASSET_SYMBOL_EXTENSIONS = YES;
				CLANG_ANALYZER_NONNULL = YES;
				CLANG_ANALYZER_NUMBER_OBJECT_CONVERSION = YES_AGGRESSIVE;
				CLANG_CXX_LANGUAGE_STANDARD = "gnu++20";
				CLANG_ENABLE_MODULES = YES;
				CLANG_ENABLE_OBJC_ARC = YES;
				CLANG_ENABLE_OBJC_WEAK = YES;
				CLANG_WARN_BLOCK_CAPTURE_AUTORELEASING = YES;
				CLANG_WARN_BOOL_CONVERSION = YES;
				CLANG_WARN_COMMA = YES;
				CLANG_WARN_CONSTANT_CONVERSION = YES;
				CLANG_WARN_DEPRECATED_OBJC_IMPLEMENTATIONS = YES;
				CLANG_WARN_DIRECT_OBJC_ISA_USAGE = YES_ERROR;
				CLANG_WARN_DOCUMENTATION_COMMENTS = YES;
				CLANG_WARN_EMPTY_BODY = YES;
				CLANG_WARN_ENUM_CONVERSION = YES;
				CLANG_WARN_INFINITE_RECURSION = YES;
				CLANG_WARN_INT_CONVERSION = YES;
				CLANG_WARN_NON_LITERAL_NULL_CONVERSION = YES;
				CLANG_WARN_OBJC_IMPLICIT_RETAIN_SELF = YES;
				CLANG_WARN_OBJC_LITERAL_CONVERSION = YES;
				CLANG_WARN_OBJC_ROOT_CLASS = YES_ERROR;
				CLANG_WARN_QUOTED_INCLUDE_IN_FRAMEWORK_HEADER = YES;
				CLANG_WARN_RANGE_LOOP_ANALYSIS = YES;
				CLANG_WARN_STRICT_PROTOTYPES = YES;
				CLANG_WARN_SUSPICIOUS_MOVE = YES;
				CLANG_WARN_UNGUARDED_AVAILABILITY = YES_AGGRESSIVE;
				CLANG_WARN_UNREACHABLE_CODE = YES;
				CLANG_WARN__DUPLICATE_METHOD_MATCH = YES;
				COPY_PHASE_STRIP = NO;
				DEBUG_INFORMATION_FORMAT = dwarf;
				ENABLE_STRICT_OBJC_MSGSEND = YES;
				ENABLE_TESTABILITY = YES;
				ENABLE_USER_SCRIPT_SANDBOXING = YES;
				GCC_C_LANGUAGE_STANDARD = gnu17;
				GCC_DYNAMIC_NO_PIC = NO;
				GCC_NO_COMMON_BLOCKS = YES;
				GCC_OPTIMIZATION_LEVEL = 0;
				GCC_PREPROCESSOR_DEFINITIONS = (
					"DEBUG=1",
					"$(inherited)",
				);
				GCC_WARN_64_TO_32_BIT_CONVERSION = YES;
				GCC_WARN_ABOUT_RETURN_TYPE = YES_ERROR;
				GCC_WARN_UNDECLARED_SELECTOR = YES;
				GCC_WARN_UNINITIALIZED_AUTOS = YES_AGGRESSIVE;
				GCC_WARN_UNUSED_FUNCTION = YES;
				GCC_WARN_UNUSED_VARIABLE = YES;
				LOCALIZATION_PREFERS_STRING_CATALOGS = YES;
				MTL_ENABLE_DEBUG_INFO = INCLUDE_SOURCE;
				MTL_FAST_MATH = YES;
				ONLY_ACTIVE_ARCH = YES;
				SWIFT_ACTIVE_COMPILATION_CONDITIONS = "DEBUG $(inherited)";
				SWIFT_OPTIMIZATION_LEVEL = "-Onone";
			};
			name = Debug;
		};
		C6957BFC2D392C16007AF6A1 /* Release */ = {
			isa = XCBuildConfiguration;
			buildSettings = {
				ALWAYS_SEARCH_USER_PATHS = NO;
				ASSETCATALOG_COMPILER_GENERATE_SWIFT_ASSET_SYMBOL_EXTENSIONS = YES;
				CLANG_ANALYZER_NONNULL = YES;
				CLANG_ANALYZER_NUMBER_OBJECT_CONVERSION = YES_AGGRESSIVE;
				CLANG_CXX_LANGUAGE_STANDARD = "gnu++20";
				CLANG_ENABLE_MODULES = YES;
				CLANG_ENABLE_OBJC_ARC = YES;
				CLANG_ENABLE_OBJC_WEAK = YES;
				CLANG_WARN_BLOCK_CAPTURE_AUTORELEASING = YES;
				CLANG_WARN_BOOL_CONVERSION = YES;
				CLANG_WARN_COMMA = YES;
				CLANG_WARN_CONSTANT_CONVERSION = YES;
				CLANG_WARN_DEPRECATED_OBJC_IMPLEMENTATIONS = YES;
				CLANG_WARN_DIRECT_OBJC_ISA_USAGE = YES_ERROR;
				CLANG_WARN_DOCUMENTATION_COMMENTS = YES;
				CLANG_WARN_EMPTY_BODY = YES;
				CLANG_WARN_ENUM_CONVERSION = YES;
				CLANG_WARN_INFINITE_RECURSION = YES;
				CLANG_WARN_INT_CONVERSION = YES;
				CLANG_WARN_NON_LITERAL_NULL_CONVERSION = YES;
				CLANG_WARN_OBJC_IMPLICIT_RETAIN_SELF = YES;
				CLANG_WARN_OBJC_LITERAL_CONVERSION = YES;
				CLANG_WARN_OBJC_ROOT_CLASS = YES_ERROR;
				CLANG_WARN_QUOTED_INCLUDE_IN_FRAMEWORK_HEADER = YES;
				CLANG_WARN_RANGE_LOOP_ANALYSIS = YES;
				CLANG_WARN_STRICT_PROTOTYPES = YES;
				CLANG_WARN_SUSPICIOUS_MOVE = YES;
				CLANG_WARN_UNGUARDED_AVAILABILITY = YES_AGGRESSIVE;
				CLANG_WARN_UNREACHABLE_CODE = YES;
				CLANG_WARN__DUPLICATE_METHOD_MATCH = YES;
				COPY_PHASE_STRIP = NO;
				DEBUG_INFORMATION_FORMAT = "dwarf-with-dsym";
				ENABLE_NS_ASSERTIONS = NO;
				ENABLE_STRICT_OBJC_MSGSEND = YES;
				ENABLE_USER_SCRIPT_SANDBOXING = YES;
				GCC_C_LANGUAGE_STANDARD = gnu17;
				GCC_NO_COMMON_BLOCKS = YES;
				GCC_WARN_64_TO_32_BIT_CONVERSION = YES;
				GCC_WARN_ABOUT_RETURN_TYPE = YES_ERROR;
				GCC_WARN_UNDECLARED_SELECTOR = YES;
				GCC_WARN_UNINITIALIZED_AUTOS = YES_AGGRESSIVE;
				GCC_WARN_UNUSED_FUNCTION = YES;
				GCC_WARN_UNUSED_VARIABLE = YES;
				LOCALIZATION_PREFERS_STRING_CATALOGS = YES;
				MTL_ENABLE_DEBUG_INFO = NO;
				MTL_FAST_MATH = YES;
				SWIFT_COMPILATION_MODE = wholemodule;
			};
			name = Release;
		};
		C6957BFE2D392C16007AF6A1 /* Debug */ = {
			isa = XCBuildConfiguration;
			buildSettings = {
				BUNDLE_LOADER = "$(TEST_HOST)";
				CODE_SIGN_STYLE = Automatic;
				CURRENT_PROJECT_VERSION = 1;
				DEVELOPMENT_TEAM = 93Q4N4697N;
				GENERATE_INFOPLIST_FILE = YES;
				IPHONEOS_DEPLOYMENT_TARGET = 18.2;
				MACOSX_DEPLOYMENT_TARGET = 15.0;
				MARKETING_VERSION = 1.0;
				PRODUCT_BUNDLE_IDENTIFIER = com.dadanddot.SumOrDoneGameTests;
				PRODUCT_NAME = "$(TARGET_NAME)";
				SDKROOT = auto;
				SUPPORTED_PLATFORMS = "iphoneos iphonesimulator macosx xros xrsimulator";
				SWIFT_EMIT_LOC_STRINGS = NO;
				SWIFT_VERSION = 5.0;
				TARGETED_DEVICE_FAMILY = "1,2,7";
				TEST_HOST = "$(BUILT_PRODUCTS_DIR)/SumOrDoneGame.app/$(BUNDLE_EXECUTABLE_FOLDER_PATH)/SumOrDoneGame";
				XROS_DEPLOYMENT_TARGET = 2.2;
			};
			name = Debug;
		};
		C6957BFF2D392C16007AF6A1 /* Release */ = {
			isa = XCBuildConfiguration;
			buildSettings = {
				BUNDLE_LOADER = "$(TEST_HOST)";
				CODE_SIGN_STYLE = Automatic;
				CURRENT_PROJECT_VERSION = 1;
				DEVELOPMENT_TEAM = 93Q4N4697N;
				GENERATE_INFOPLIST_FILE = YES;
				IPHONEOS_DEPLOYMENT_TARGET = 18.2;
				MACOSX_DEPLOYMENT_TARGET = 15.0;
				MARKETING_VERSION = 1.0;
				PRODUCT_BUNDLE_IDENTIFIER = com.dadanddot.SumOrDoneGameTests;
				PRODUCT_NAME = "$(TARGET_NAME)";
				SDKROOT = auto;
				SUPPORTED_PLATFORMS = "iphoneos iphonesimulator macosx xros xrsimulator";
				SWIFT_EMIT_LOC_STRINGS = NO;
				SWIFT_VERSION = 5.0;
				TARGETED_DEVICE_FAMILY = "1,2,7";
				TEST_HOST = "$(BUILT_PRODUCTS_DIR)/SumOrDoneGame.app/$(BUNDLE_EXECUTABLE_FOLDER_PATH)/SumOrDoneGame";
				XROS_DEPLOYMENT_TARGET = 2.2;
			};
			name = Release;
		};
		C6957C012D392C16007AF6A1 /* Debug */ = {
			isa = XCBuildConfiguration;
			buildSettings = {
				CODE_SIGN_STYLE = Automatic;
				CURRENT_PROJECT_VERSION = 1;
				DEVELOPMENT_TEAM = 93Q4N4697N;
				GENERATE_INFOPLIST_FILE = YES;
				IPHONEOS_DEPLOYMENT_TARGET = 18.2;
				MACOSX_DEPLOYMENT_TARGET = 15.0;
				MARKETING_VERSION = 1.0;
				PRODUCT_BUNDLE_IDENTIFIER = com.dadanddot.SumOrDoneGameUITests;
				PRODUCT_NAME = "$(TARGET_NAME)";
				SDKROOT = auto;
				SUPPORTED_PLATFORMS = "iphoneos iphonesimulator macosx xros xrsimulator";
				SWIFT_EMIT_LOC_STRINGS = NO;
				SWIFT_VERSION = 5.0;
				TARGETED_DEVICE_FAMILY = "1,2,7";
				TEST_TARGET_NAME = SumOrDoneGame;
				XROS_DEPLOYMENT_TARGET = 2.2;
			};
			name = Debug;
		};
		C6957C022D392C16007AF6A1 /* Release */ = {
			isa = XCBuildConfiguration;
			buildSettings = {
				CODE_SIGN_STYLE = Automatic;
				CURRENT_PROJECT_VERSION = 1;
				DEVELOPMENT_TEAM = 93Q4N4697N;
				GENERATE_INFOPLIST_FILE = YES;
				IPHONEOS_DEPLOYMENT_TARGET = 18.2;
				MACOSX_DEPLOYMENT_TARGET = 15.0;
				MARKETING_VERSION = 1.0;
				PRODUCT_BUNDLE_IDENTIFIER = com.dadanddot.SumOrDoneGameUITests;
				PRODUCT_NAME = "$(TARGET_NAME)";
				SDKROOT = auto;
				SUPPORTED_PLATFORMS = "iphoneos iphonesimulator macosx xros xrsimulator";
				SWIFT_EMIT_LOC_STRINGS = NO;
				SWIFT_VERSION = 5.0;
				TARGETED_DEVICE_FAMILY = "1,2,7";
				TEST_TARGET_NAME = SumOrDoneGame;
				XROS_DEPLOYMENT_TARGET = 2.2;
			};
			name = Release;
		};
/* End XCBuildConfiguration section */

/* Begin XCConfigurationList section */
		C6957BCC2D392C11007AF6A1 /* Build configuration list for PBXProject "SumOrDoneGame" */ = {
			isa = XCConfigurationList;
			buildConfigurations = (
				C6957BFB2D392C16007AF6A1 /* Debug */,
				C6957BFC2D392C16007AF6A1 /* Release */,
			);
			defaultConfigurationIsVisible = 0;
			defaultConfigurationName = Release;
		};
		C6957BF82D392C16007AF6A1 /* Build configuration list for PBXNativeTarget "SumOrDoneGame" */ = {
			isa = XCConfigurationList;
			buildConfigurations = (
				C6957BF92D392C16007AF6A1 /* Debug */,
				C6957BFA2D392C16007AF6A1 /* Release */,
			);
			defaultConfigurationIsVisible = 0;
			defaultConfigurationName = Release;
		};
		C6957BFD2D392C16007AF6A1 /* Build configuration list for PBXNativeTarget "SumOrDoneGameTests" */ = {
			isa = XCConfigurationList;
			buildConfigurations = (
				C6957BFE2D392C16007AF6A1 /* Debug */,
				C6957BFF2D392C16007AF6A1 /* Release */,
			);
			defaultConfigurationIsVisible = 0;
			defaultConfigurationName = Release;
		};
		C6957C002D392C16007AF6A1 /* Build configuration list for PBXNativeTarget "SumOrDoneGameUITests" */ = {
			isa = XCConfigurationList;
			buildConfigurations = (
				C6957C012D392C16007AF6A1 /* Debug */,
				C6957C022D392C16007AF6A1 /* Release */,
			);
			defaultConfigurationIsVisible = 0;
			defaultConfigurationName = Release;
		};
/* End XCConfigurationList section */
	};
	rootObject = C6957BC92D392C11007AF6A1 /* Project object */;
}
